
Microsoft Visual Studio Solution File, Format Version 12.00
# Visual Studio 15
VisualStudioVersion = 15.0.26730.12
MinimumVisualStudioVersion = 10.0.40219.1
Project("{FAE04EC0-301F-11D3-BF4B-00C04F79EFBC}") = "RSSService", "RSSService\RSSService.csproj", "{223B2572-2F32-4AC9-83CE-D2C198147AE4}"
EndProject
Project("{E53339B2-1760-4266-BCC7-CA923CBCF16C}") = "docker-compose", "docker-compose.dcproj", "{F8BDAC8B-16AC-44E1-B2A6-776C1197208B}"
EndProject
Global
	GlobalSection(SolutionConfigurationPlatforms) = preSolution
		Debug|Any CPU = Debug|Any CPU
		Release|Any CPU = Release|Any CPU
	EndGlobalSection
	GlobalSection(ProjectConfigurationPlatforms) = postSolution
		{223B2572-2F32-4AC9-83CE-D2C198147AE4}.Debug|Any CPU.ActiveCfg = Debug|Any CPU
		{223B2572-2F32-4AC9-83CE-D2C198147AE4}.Debug|Any CPU.Build.0 = Debug|Any CPU
		{223B2572-2F32-4AC9-83CE-D2C198147AE4}.Release|Any CPU.ActiveCfg = Release|Any CPU
		{223B2572-2F32-4AC9-83CE-D2C198147AE4}.Release|Any CPU.Build.0 = Release|Any CPU
		{F8BDAC8B-16AC-44E1-B2A6-776C1197208B}.Debug|Any CPU.ActiveCfg = Debug|Any CPU
		{F8BDAC8B-16AC-44E1-B2A6-776C1197208B}.Debug|Any CPU.Build.0 = Debug|Any CPU
		{F8BDAC8B-16AC-44E1-B2A6-776C1197208B}.Release|Any CPU.ActiveCfg = Release|Any CPU
		{F8BDAC8B-16AC-44E1-B2A6-776C1197208B}.Release|Any CPU.Build.0 = Release|Any CPU
	EndGlobalSection
	GlobalSection(SolutionProperties) = preSolution
		HideSolutionNode = FALSE
	EndGlobalSection
	GlobalSection(ExtensibilityGlobals) = postSolution
		SolutionGuid = {029F6F77-F5E4-4503-876A-D8EBE7D719BA}
	EndGlobalSection
EndGlobal
